// !$*UTF8*$!
{
	archiveVersion = 1;
	classes = {
	};
	objectVersion = 56;
	objects = {

/* Begin PBXBuildFile section */
		C002A5B42B9781FB00DD48A2 /* SelectionManager.swift in Sources */ = {isa = PBXBuildFile; fileRef = C002A5B32B9781FB00DD48A2 /* SelectionManager.swift */; };
		C002A5B62B97849D00DD48A2 /* TestDataModel.swift in Sources */ = {isa = PBXBuildFile; fileRef = C002A5B52B97849D00DD48A2 /* TestDataModel.swift */; };
		C00D75972B97E5D10077F7C9 /* DataModel_importingURLs.swift in Sources */ = {isa = PBXBuildFile; fileRef = C00D75962B97E5D10077F7C9 /* DataModel_importingURLs.swift */; };
		C00D759D2B9835110077F7C9 /* AppController.swift in Sources */ = {isa = PBXBuildFile; fileRef = C00D759C2B9835110077F7C9 /* AppController.swift */; };
		C08D703E2BB0E8C200074053 /* NodeInspector.swift in Sources */ = {isa = PBXBuildFile; fileRef = C08D703D2BB0E8C200074053 /* NodeInspector.swift */; };
		C08D70412BB1236C00074053 /* String_pluralize.swift in Sources */ = {isa = PBXBuildFile; fileRef = C08D70402BB1236C00074053 /* String_pluralize.swift */; };
		C08D70432BB1291A00074053 /* Number_spelledOut.swift in Sources */ = {isa = PBXBuildFile; fileRef = C08D70422BB1291A00074053 /* Number_spelledOut.swift */; };
		C093F0C72B6ED35C007D98AD /* ItemsTable.swift in Sources */ = {isa = PBXBuildFile; fileRef = C093F0C62B6ED35C007D98AD /* ItemsTable.swift */; };
		C09704EA2B6DF57600B8CA9C /* InitialView.swift in Sources */ = {isa = PBXBuildFile; fileRef = C09704E92B6DF57600B8CA9C /* InitialView.swift */; };
		C09704ED2B6DF6A700B8CA9C /* DataModel.swift in Sources */ = {isa = PBXBuildFile; fileRef = C09704EC2B6DF6A700B8CA9C /* DataModel.swift */; };
		C09704EF2B6E04E100B8CA9C /* SourceList.swift in Sources */ = {isa = PBXBuildFile; fileRef = C09704EE2B6E04E100B8CA9C /* SourceList.swift */; };
		C0B51C0B2B904D4C00075FD1 /* AllowedFileExtension.swift in Sources */ = {isa = PBXBuildFile; fileRef = C0B51C0A2B904D4C00075FD1 /* AllowedFileExtension.swift */; };
		C0B51C0E2B904E5100075FD1 /* URL_isDirectory.swift in Sources */ = {isa = PBXBuildFile; fileRef = C0B51C0D2B904E5100075FD1 /* URL_isDirectory.swift */; };
		C0B51C102B904E6D00075FD1 /* UserDefaults_allowedImageExtensions.swift in Sources */ = {isa = PBXBuildFile; fileRef = C0B51C0F2B904E6D00075FD1 /* UserDefaults_allowedImageExtensions.swift */; };
		C0C7F6602B61F5C4009469A5 /* Node.swift in Sources */ = {isa = PBXBuildFile; fileRef = C0C7F65F2B61F5C4009469A5 /* Node.swift */; };
		C0C7F6622B61F620009469A5 /* ImageItem.swift in Sources */ = {isa = PBXBuildFile; fileRef = C0C7F6612B61F620009469A5 /* ImageItem.swift */; };
		C0CC66F12BAE948F0045E7B5 /* InspectorView.swift in Sources */ = {isa = PBXBuildFile; fileRef = C0CC66F02BAE948F0045E7B5 /* InspectorView.swift */; };
		C0D928812B7DE1FD005A43A8 /* Preferences.swift in Sources */ = {isa = PBXBuildFile; fileRef = C0D928802B7DE1FD005A43A8 /* Preferences.swift */; };
		C0D928842B7EA0A9005A43A8 /* PreferencesController.swift in Sources */ = {isa = PBXBuildFile; fileRef = C0D928832B7EA0A9005A43A8 /* PreferencesController.swift */; };
		C0E1004A2BA7738F00189A63 /* Collections in Frameworks */ = {isa = PBXBuildFile; productRef = C0E100492BA7738F00189A63 /* Collections */; };
		C0E1004C2BA7FC2A00189A63 /* ImageItemID.swift in Sources */ = {isa = PBXBuildFile; fileRef = C0E1004B2BA7FC2A00189A63 /* ImageItemID.swift */; };
		C0E86A6A2BAFDDC100CA85AD /* DataModel_Errors.swift in Sources */ = {isa = PBXBuildFile; fileRef = C0E86A692BAFDDC100CA85AD /* DataModel_Errors.swift */; };
		C0EB2E742B61ABA100B648E4 /* Images_LectureDevelopmentApp.swift in Sources */ = {isa = PBXBuildFile; fileRef = C0EB2E732B61ABA100B648E4 /* Images_LectureDevelopmentApp.swift */; };
		C0EB2E762B61ABA100B648E4 /* ContentView.swift in Sources */ = {isa = PBXBuildFile; fileRef = C0EB2E752B61ABA100B648E4 /* ContentView.swift */; };
		C0EB2E782B61ABA100B648E4 /* Item.swift in Sources */ = {isa = PBXBuildFile; fileRef = C0EB2E772B61ABA100B648E4 /* Item.swift */; };
		C0EB2E7A2B61ABA200B648E4 /* Assets.xcassets in Resources */ = {isa = PBXBuildFile; fileRef = C0EB2E792B61ABA200B648E4 /* Assets.xcassets */; };
		C0EB2E7D2B61ABA200B648E4 /* Preview Assets.xcassets in Resources */ = {isa = PBXBuildFile; fileRef = C0EB2E7C2B61ABA200B648E4 /* Preview Assets.xcassets */; };
/* End PBXBuildFile section */

/* Begin PBXFileReference section */
		C002A5B32B9781FB00DD48A2 /* SelectionManager.swift */ = {isa = PBXFileReference; lastKnownFileType = sourcecode.swift; path = SelectionManager.swift; sourceTree = "<group>"; };
		C002A5B52B97849D00DD48A2 /* TestDataModel.swift */ = {isa = PBXFileReference; lastKnownFileType = sourcecode.swift; path = TestDataModel.swift; sourceTree = "<group>"; };
		C00D75962B97E5D10077F7C9 /* DataModel_importingURLs.swift */ = {isa = PBXFileReference; lastKnownFileType = sourcecode.swift; path = DataModel_importingURLs.swift; sourceTree = "<group>"; };
		C00D759C2B9835110077F7C9 /* AppController.swift */ = {isa = PBXFileReference; lastKnownFileType = sourcecode.swift; path = AppController.swift; sourceTree = "<group>"; };
		C08D703D2BB0E8C200074053 /* NodeInspector.swift */ = {isa = PBXFileReference; lastKnownFileType = sourcecode.swift; path = NodeInspector.swift; sourceTree = "<group>"; };
		C08D70402BB1236C00074053 /* String_pluralize.swift */ = {isa = PBXFileReference; lastKnownFileType = sourcecode.swift; path = String_pluralize.swift; sourceTree = "<group>"; };
		C08D70422BB1291A00074053 /* Number_spelledOut.swift */ = {isa = PBXFileReference; lastKnownFileType = sourcecode.swift; path = Number_spelledOut.swift; sourceTree = "<group>"; };
		C093F0C62B6ED35C007D98AD /* ItemsTable.swift */ = {isa = PBXFileReference; lastKnownFileType = sourcecode.swift; path = ItemsTable.swift; sourceTree = "<group>"; };
		C09704E92B6DF57600B8CA9C /* InitialView.swift */ = {isa = PBXFileReference; lastKnownFileType = sourcecode.swift; path = InitialView.swift; sourceTree = "<group>"; };
		C09704EC2B6DF6A700B8CA9C /* DataModel.swift */ = {isa = PBXFileReference; lastKnownFileType = sourcecode.swift; path = DataModel.swift; sourceTree = "<group>"; };
		C09704EE2B6E04E100B8CA9C /* SourceList.swift */ = {isa = PBXFileReference; lastKnownFileType = sourcecode.swift; path = SourceList.swift; sourceTree = "<group>"; };
		C0B51C0A2B904D4C00075FD1 /* AllowedFileExtension.swift */ = {isa = PBXFileReference; lastKnownFileType = sourcecode.swift; path = AllowedFileExtension.swift; sourceTree = "<group>"; };
		C0B51C0D2B904E5100075FD1 /* URL_isDirectory.swift */ = {isa = PBXFileReference; lastKnownFileType = sourcecode.swift; path = URL_isDirectory.swift; sourceTree = "<group>"; };
		C0B51C0F2B904E6D00075FD1 /* UserDefaults_allowedImageExtensions.swift */ = {isa = PBXFileReference; lastKnownFileType = sourcecode.swift; path = UserDefaults_allowedImageExtensions.swift; sourceTree = "<group>"; };
		C0C7F65F2B61F5C4009469A5 /* Node.swift */ = {isa = PBXFileReference; lastKnownFileType = sourcecode.swift; path = Node.swift; sourceTree = "<group>"; };
		C0C7F6612B61F620009469A5 /* ImageItem.swift */ = {isa = PBXFileReference; lastKnownFileType = sourcecode.swift; path = ImageItem.swift; sourceTree = "<group>"; };
		C0CC66F02BAE948F0045E7B5 /* InspectorView.swift */ = {isa = PBXFileReference; lastKnownFileType = sourcecode.swift; path = InspectorView.swift; sourceTree = "<group>"; };
		C0D928802B7DE1FD005A43A8 /* Preferences.swift */ = {isa = PBXFileReference; lastKnownFileType = sourcecode.swift; path = Preferences.swift; sourceTree = "<group>"; };
		C0D928832B7EA0A9005A43A8 /* PreferencesController.swift */ = {isa = PBXFileReference; lastKnownFileType = sourcecode.swift; path = PreferencesController.swift; sourceTree = "<group>"; };
		C0E1004B2BA7FC2A00189A63 /* ImageItemID.swift */ = {isa = PBXFileReference; lastKnownFileType = sourcecode.swift; path = ImageItemID.swift; sourceTree = "<group>"; };
		C0E86A692BAFDDC100CA85AD /* DataModel_Errors.swift */ = {isa = PBXFileReference; lastKnownFileType = sourcecode.swift; path = DataModel_Errors.swift; sourceTree = "<group>"; };
		C0EB2E702B61ABA100B648E4 /* Images-LectureDevelopment.app */ = {isa = PBXFileReference; explicitFileType = wrapper.application; includeInIndex = 0; path = "Images-LectureDevelopment.app"; sourceTree = BUILT_PRODUCTS_DIR; };
		C0EB2E732B61ABA100B648E4 /* Images_LectureDevelopmentApp.swift */ = {isa = PBXFileReference; lastKnownFileType = sourcecode.swift; path = Images_LectureDevelopmentApp.swift; sourceTree = "<group>"; };
		C0EB2E752B61ABA100B648E4 /* ContentView.swift */ = {isa = PBXFileReference; lastKnownFileType = sourcecode.swift; path = ContentView.swift; sourceTree = "<group>"; };
		C0EB2E772B61ABA100B648E4 /* Item.swift */ = {isa = PBXFileReference; lastKnownFileType = sourcecode.swift; path = Item.swift; sourceTree = "<group>"; };
		C0EB2E792B61ABA200B648E4 /* Assets.xcassets */ = {isa = PBXFileReference; lastKnownFileType = folder.assetcatalog; path = Assets.xcassets; sourceTree = "<group>"; };
		C0EB2E7C2B61ABA200B648E4 /* Preview Assets.xcassets */ = {isa = PBXFileReference; lastKnownFileType = folder.assetcatalog; path = "Preview Assets.xcassets"; sourceTree = "<group>"; };
		C0EB2E7E2B61ABA200B648E4 /* Images_LectureDevelopment.entitlements */ = {isa = PBXFileReference; lastKnownFileType = text.plist.entitlements; path = Images_LectureDevelopment.entitlements; sourceTree = "<group>"; };
/* End PBXFileReference section */

/* Begin PBXFrameworksBuildPhase section */
		C0EB2E6D2B61ABA100B648E4 /* Frameworks */ = {
			isa = PBXFrameworksBuildPhase;
			buildActionMask = 2147483647;
			files = (
				C0E1004A2BA7738F00189A63 /* Collections in Frameworks */,
			);
			runOnlyForDeploymentPostprocessing = 0;
		};
/* End PBXFrameworksBuildPhase section */

/* Begin PBXGroup section */
		C00D75982B982D0C0077F7C9 /* z_old */ = {
			isa = PBXGroup;
			children = (
				C002A5B52B97849D00DD48A2 /* TestDataModel.swift */,
			);
			path = z_old;
			sourceTree = "<group>";
		};
		C00D759B2B9834F80077F7C9 /* Application Controllers */ = {
			isa = PBXGroup;
			children = (
				C00D759C2B9835110077F7C9 /* AppController.swift */,
				C002A5B32B9781FB00DD48A2 /* SelectionManager.swift */,
			);
			path = "Application Controllers";
			sourceTree = "<group>";
		};
		C08D703B2BB0E89D00074053 /* Inspector Views */ = {
			isa = PBXGroup;
			children = (
				C0CC66F02BAE948F0045E7B5 /* InspectorView.swift */,
				C08D703D2BB0E8C200074053 /* NodeInspector.swift */,
			);
			path = "Inspector Views";
			sourceTree = "<group>";
		};
		C08D703F2BB1235400074053 /* Utilities */ = {
			isa = PBXGroup;
			children = (
				C08D70402BB1236C00074053 /* String_pluralize.swift */,
				C08D70422BB1291A00074053 /* Number_spelledOut.swift */,
			);
			path = Utilities;
			sourceTree = "<group>";
		};
		C09704EB2B6DF69200B8CA9C /* SwiftData */ = {
			isa = PBXGroup;
			children = (
				C0EB2E772B61ABA100B648E4 /* Item.swift */,
				C0C7F65F2B61F5C4009469A5 /* Node.swift */,
				C0C7F6612B61F620009469A5 /* ImageItem.swift */,
				C0E1004B2BA7FC2A00189A63 /* ImageItemID.swift */,
			);
			path = SwiftData;
			sourceTree = "<group>";
		};
		C0B51C092B904D3900075FD1 /* File Handling */ = {
			isa = PBXGroup;
			children = (
				C0B51C0A2B904D4C00075FD1 /* AllowedFileExtension.swift */,
			);
			path = "File Handling";
			sourceTree = "<group>";
		};
		C0B51C0C2B904E3700075FD1 /* Extensions */ = {
			isa = PBXGroup;
			children = (
				C0B51C0D2B904E5100075FD1 /* URL_isDirectory.swift */,
				C0B51C0F2B904E6D00075FD1 /* UserDefaults_allowedImageExtensions.swift */,
			);
			path = Extensions;
			sourceTree = "<group>";
		};
		C0C7F65B2B61F57F009469A5 /* Data Model */ = {
			isa = PBXGroup;
			children = (
				C09704EC2B6DF6A700B8CA9C /* DataModel.swift */,
				C00D75962B97E5D10077F7C9 /* DataModel_importingURLs.swift */,
				C0E86A692BAFDDC100CA85AD /* DataModel_Errors.swift */,
				C0B51C0C2B904E3700075FD1 /* Extensions */,
				C0B51C092B904D3900075FD1 /* File Handling */,
				C09704EB2B6DF69200B8CA9C /* SwiftData */,
			);
			path = "Data Model";
			sourceTree = "<group>";
		};
		C0C7F65D2B61F58D009469A5 /* View Model */ = {
			isa = PBXGroup;
			children = (
				C0D928822B7EA099005A43A8 /* Preferences */,
			);
			path = "View Model";
			sourceTree = "<group>";
		};
		C0C7F65E2B61F595009469A5 /* Views */ = {
			isa = PBXGroup;
			children = (
				C09704E92B6DF57600B8CA9C /* InitialView.swift */,
				C09704EE2B6E04E100B8CA9C /* SourceList.swift */,
				C093F0C62B6ED35C007D98AD /* ItemsTable.swift */,
				C0D928802B7DE1FD005A43A8 /* Preferences.swift */,
				C08D703B2BB0E89D00074053 /* Inspector Views */,
			);
			path = Views;
			sourceTree = "<group>";
		};
		C0D928822B7EA099005A43A8 /* Preferences */ = {
			isa = PBXGroup;
			children = (
				C0D928832B7EA0A9005A43A8 /* PreferencesController.swift */,
			);
			path = Preferences;
			sourceTree = "<group>";
		};
		C0EB2E672B61ABA100B648E4 = {
			isa = PBXGroup;
			children = (
				C0EB2E722B61ABA100B648E4 /* Images-LectureDevelopment */,
				C0EB2E712B61ABA100B648E4 /* Products */,
			);
			sourceTree = "<group>";
		};
		C0EB2E712B61ABA100B648E4 /* Products */ = {
			isa = PBXGroup;
			children = (
				C0EB2E702B61ABA100B648E4 /* Images-LectureDevelopment.app */,
			);
			name = Products;
			sourceTree = "<group>";
		};
		C0EB2E722B61ABA100B648E4 /* Images-LectureDevelopment */ = {
			isa = PBXGroup;
			children = (
				C0EB2E732B61ABA100B648E4 /* Images_LectureDevelopmentApp.swift */,
				C0EB2E752B61ABA100B648E4 /* ContentView.swift */,
				C00D759B2B9834F80077F7C9 /* Application Controllers */,
				C0C7F65B2B61F57F009469A5 /* Data Model */,
				C08D703F2BB1235400074053 /* Utilities */,
				C0C7F65D2B61F58D009469A5 /* View Model */,
				C0C7F65E2B61F595009469A5 /* Views */,
				C00D75982B982D0C0077F7C9 /* z_old */,
				C0EB2E792B61ABA200B648E4 /* Assets.xcassets */,
				C0EB2E7E2B61ABA200B648E4 /* Images_LectureDevelopment.entitlements */,
				C0EB2E7B2B61ABA200B648E4 /* Preview Content */,
			);
			path = "Images-LectureDevelopment";
			sourceTree = "<group>";
		};
		C0EB2E7B2B61ABA200B648E4 /* Preview Content */ = {
			isa = PBXGroup;
			children = (
				C0EB2E7C2B61ABA200B648E4 /* Preview Assets.xcassets */,
			);
			path = "Preview Content";
			sourceTree = "<group>";
		};
/* End PBXGroup section */

/* Begin PBXNativeTarget section */
		C0EB2E6F2B61ABA100B648E4 /* Images-LectureDevelopment */ = {
			isa = PBXNativeTarget;
			buildConfigurationList = C0EB2E812B61ABA200B648E4 /* Build configuration list for PBXNativeTarget "Images-LectureDevelopment" */;
			buildPhases = (
				C0EB2E6C2B61ABA100B648E4 /* Sources */,
				C0EB2E6D2B61ABA100B648E4 /* Frameworks */,
				C0EB2E6E2B61ABA100B648E4 /* Resources */,
			);
			buildRules = (
			);
			dependencies = (
			);
			name = "Images-LectureDevelopment";
			packageProductDependencies = (
				C0E100492BA7738F00189A63 /* Collections */,
			);
			productName = "Images-LectureDevelopment";
			productReference = C0EB2E702B61ABA100B648E4 /* Images-LectureDevelopment.app */;
			productType = "com.apple.product-type.application";
		};
/* End PBXNativeTarget section */

/* Begin PBXProject section */
		C0EB2E682B61ABA100B648E4 /* Project object */ = {
			isa = PBXProject;
			attributes = {
				BuildIndependentTargetsInParallel = 1;
				LastSwiftUpdateCheck = 1520;
				LastUpgradeCheck = 1530;
				TargetAttributes = {
					C0EB2E6F2B61ABA100B648E4 = {
						CreatedOnToolsVersion = 15.2;
					};
				};
			};
			buildConfigurationList = C0EB2E6B2B61ABA100B648E4 /* Build configuration list for PBXProject "Images-LectureDevelopment" */;
			compatibilityVersion = "Xcode 14.0";
			developmentRegion = en;
			hasScannedForEncodings = 0;
			knownRegions = (
				en,
				Base,
			);
			mainGroup = C0EB2E672B61ABA100B648E4;
			packageReferences = (
				C0E100482BA7738F00189A63 /* XCRemoteSwiftPackageReference "swift-collections" */,
			);
			productRefGroup = C0EB2E712B61ABA100B648E4 /* Products */;
			projectDirPath = "";
			projectRoot = "";
			targets = (
				C0EB2E6F2B61ABA100B648E4 /* Images-LectureDevelopment */,
			);
		};
/* End PBXProject section */

/* Begin PBXResourcesBuildPhase section */
		C0EB2E6E2B61ABA100B648E4 /* Resources */ = {
			isa = PBXResourcesBuildPhase;
			buildActionMask = 2147483647;
			files = (
				C0EB2E7D2B61ABA200B648E4 /* Preview Assets.xcassets in Resources */,
				C0EB2E7A2B61ABA200B648E4 /* Assets.xcassets in Resources */,
			);
			runOnlyForDeploymentPostprocessing = 0;
		};
/* End PBXResourcesBuildPhase section */

/* Begin PBXSourcesBuildPhase section */
		C0EB2E6C2B61ABA100B648E4 /* Sources */ = {
			isa = PBXSourcesBuildPhase;
			buildActionMask = 2147483647;
			files = (
				C09704EF2B6E04E100B8CA9C /* SourceList.swift in Sources */,
				C0B51C102B904E6D00075FD1 /* UserDefaults_allowedImageExtensions.swift in Sources */,
				C0E1004C2BA7FC2A00189A63 /* ImageItemID.swift in Sources */,
				C09704ED2B6DF6A700B8CA9C /* DataModel.swift in Sources */,
				C0D928812B7DE1FD005A43A8 /* Preferences.swift in Sources */,
				C0D928842B7EA0A9005A43A8 /* PreferencesController.swift in Sources */,
				C00D759D2B9835110077F7C9 /* AppController.swift in Sources */,
				C0EB2E762B61ABA100B648E4 /* ContentView.swift in Sources */,
				C08D70412BB1236C00074053 /* String_pluralize.swift in Sources */,
				C0CC66F12BAE948F0045E7B5 /* InspectorView.swift in Sources */,
				C002A5B42B9781FB00DD48A2 /* SelectionManager.swift in Sources */,
				C0EB2E782B61ABA100B648E4 /* Item.swift in Sources */,
				C0EB2E742B61ABA100B648E4 /* Images_LectureDevelopmentApp.swift in Sources */,
				C002A5B62B97849D00DD48A2 /* TestDataModel.swift in Sources */,
				C0B51C0B2B904D4C00075FD1 /* AllowedFileExtension.swift in Sources */,
				C09704EA2B6DF57600B8CA9C /* InitialView.swift in Sources */,
				C0C7F6602B61F5C4009469A5 /* Node.swift in Sources */,
				C093F0C72B6ED35C007D98AD /* ItemsTable.swift in Sources */,
				C08D703E2BB0E8C200074053 /* NodeInspector.swift in Sources */,
				C08D70432BB1291A00074053 /* Number_spelledOut.swift in Sources */,
				C0B51C0E2B904E5100075FD1 /* URL_isDirectory.swift in Sources */,
				C00D75972B97E5D10077F7C9 /* DataModel_importingURLs.swift in Sources */,
				C0E86A6A2BAFDDC100CA85AD /* DataModel_Errors.swift in Sources */,
				C0C7F6622B61F620009469A5 /* ImageItem.swift in Sources */,
			);
			runOnlyForDeploymentPostprocessing = 0;
		};
/* End PBXSourcesBuildPhase section */

/* Begin XCBuildConfiguration section */
		C0EB2E7F2B61ABA200B648E4 /* Debug */ = {
			isa = XCBuildConfiguration;
			buildSettings = {
				ALWAYS_SEARCH_USER_PATHS = NO;
				ASSETCATALOG_COMPILER_GENERATE_SWIFT_ASSET_SYMBOL_EXTENSIONS = YES;
				CLANG_ANALYZER_NONNULL = YES;
				CLANG_ANALYZER_NUMBER_OBJECT_CONVERSION = YES_AGGRESSIVE;
				CLANG_CXX_LANGUAGE_STANDARD = "gnu++20";
				CLANG_ENABLE_MODULES = YES;
				CLANG_ENABLE_OBJC_ARC = YES;
				CLANG_ENABLE_OBJC_WEAK = YES;
				CLANG_WARN_BLOCK_CAPTURE_AUTORELEASING = YES;
				CLANG_WARN_BOOL_CONVERSION = YES;
				CLANG_WARN_COMMA = YES;
				CLANG_WARN_CONSTANT_CONVERSION = YES;
				CLANG_WARN_DEPRECATED_OBJC_IMPLEMENTATIONS = YES;
				CLANG_WARN_DIRECT_OBJC_ISA_USAGE = YES_ERROR;
				CLANG_WARN_DOCUMENTATION_COMMENTS = YES;
				CLANG_WARN_EMPTY_BODY = YES;
				CLANG_WARN_ENUM_CONVERSION = YES;
				CLANG_WARN_INFINITE_RECURSION = YES;
				CLANG_WARN_INT_CONVERSION = YES;
				CLANG_WARN_NON_LITERAL_NULL_CONVERSION = YES;
				CLANG_WARN_OBJC_IMPLICIT_RETAIN_SELF = YES;
				CLANG_WARN_OBJC_LITERAL_CONVERSION = YES;
				CLANG_WARN_OBJC_ROOT_CLASS = YES_ERROR;
				CLANG_WARN_QUOTED_INCLUDE_IN_FRAMEWORK_HEADER = YES;
				CLANG_WARN_RANGE_LOOP_ANALYSIS = YES;
				CLANG_WARN_STRICT_PROTOTYPES = YES;
				CLANG_WARN_SUSPICIOUS_MOVE = YES;
				CLANG_WARN_UNGUARDED_AVAILABILITY = YES_AGGRESSIVE;
				CLANG_WARN_UNREACHABLE_CODE = YES;
				CLANG_WARN__DUPLICATE_METHOD_MATCH = YES;
				COPY_PHASE_STRIP = NO;
				DEAD_CODE_STRIPPING = YES;
				DEBUG_INFORMATION_FORMAT = dwarf;
				ENABLE_STRICT_OBJC_MSGSEND = YES;
				ENABLE_TESTABILITY = YES;
				ENABLE_USER_SCRIPT_SANDBOXING = YES;
				GCC_C_LANGUAGE_STANDARD = gnu17;
				GCC_DYNAMIC_NO_PIC = NO;
				GCC_NO_COMMON_BLOCKS = YES;
				GCC_OPTIMIZATION_LEVEL = 0;
				GCC_PREPROCESSOR_DEFINITIONS = (
					"DEBUG=1",
					"$(inherited)",
				);
				GCC_WARN_64_TO_32_BIT_CONVERSION = YES;
				GCC_WARN_ABOUT_RETURN_TYPE = YES_ERROR;
				GCC_WARN_UNDECLARED_SELECTOR = YES;
				GCC_WARN_UNINITIALIZED_AUTOS = YES_AGGRESSIVE;
				GCC_WARN_UNUSED_FUNCTION = YES;
				GCC_WARN_UNUSED_VARIABLE = YES;
				LOCALIZATION_PREFERS_STRING_CATALOGS = YES;
				MACOSX_DEPLOYMENT_TARGET = 14.2;
				MTL_ENABLE_DEBUG_INFO = INCLUDE_SOURCE;
				MTL_FAST_MATH = YES;
				ONLY_ACTIVE_ARCH = YES;
				SDKROOT = macosx;
				SWIFT_ACTIVE_COMPILATION_CONDITIONS = "DEBUG $(inherited)";
				SWIFT_OPTIMIZATION_LEVEL = "-Onone";
			};
			name = Debug;
		};
		C0EB2E802B61ABA200B648E4 /* Release */ = {
			isa = XCBuildConfiguration;
			buildSettings = {
				ALWAYS_SEARCH_USER_PATHS = NO;
				ASSETCATALOG_COMPILER_GENERATE_SWIFT_ASSET_SYMBOL_EXTENSIONS = YES;
				CLANG_ANALYZER_NONNULL = YES;
				CLANG_ANALYZER_NUMBER_OBJECT_CONVERSION = YES_AGGRESSIVE;
				CLANG_CXX_LANGUAGE_STANDARD = "gnu++20";
				CLANG_ENABLE_MODULES = YES;
				CLANG_ENABLE_OBJC_ARC = YES;
				CLANG_ENABLE_OBJC_WEAK = YES;
				CLANG_WARN_BLOCK_CAPTURE_AUTORELEASING = YES;
				CLANG_WARN_BOOL_CONVERSION = YES;
				CLANG_WARN_COMMA = YES;
				CLANG_WARN_CONSTANT_CONVERSION = YES;
				CLANG_WARN_DEPRECATED_OBJC_IMPLEMENTATIONS = YES;
				CLANG_WARN_DIRECT_OBJC_ISA_USAGE = YES_ERROR;
				CLANG_WARN_DOCUMENTATION_COMMENTS = YES;
				CLANG_WARN_EMPTY_BODY = YES;
				CLANG_WARN_ENUM_CONVERSION = YES;
				CLANG_WARN_INFINITE_RECURSION = YES;
				CLANG_WARN_INT_CONVERSION = YES;
				CLANG_WARN_NON_LITERAL_NULL_CONVERSION = YES;
				CLANG_WARN_OBJC_IMPLICIT_RETAIN_SELF = YES;
				CLANG_WARN_OBJC_LITERAL_CONVERSION = YES;
				CLANG_WARN_OBJC_ROOT_CLASS = YES_ERROR;
				CLANG_WARN_QUOTED_INCLUDE_IN_FRAMEWORK_HEADER = YES;
				CLANG_WARN_RANGE_LOOP_ANALYSIS = YES;
				CLANG_WARN_STRICT_PROTOTYPES = YES;
				CLANG_WARN_SUSPICIOUS_MOVE = YES;
				CLANG_WARN_UNGUARDED_AVAILABILITY = YES_AGGRESSIVE;
				CLANG_WARN_UNREACHABLE_CODE = YES;
				CLANG_WARN__DUPLICATE_METHOD_MATCH = YES;
				COPY_PHASE_STRIP = NO;
				DEAD_CODE_STRIPPING = YES;
				DEBUG_INFORMATION_FORMAT = "dwarf-with-dsym";
				ENABLE_NS_ASSERTIONS = NO;
				ENABLE_STRICT_OBJC_MSGSEND = YES;
				ENABLE_USER_SCRIPT_SANDBOXING = YES;
				GCC_C_LANGUAGE_STANDARD = gnu17;
				GCC_NO_COMMON_BLOCKS = YES;
				GCC_WARN_64_TO_32_BIT_CONVERSION = YES;
				GCC_WARN_ABOUT_RETURN_TYPE = YES_ERROR;
				GCC_WARN_UNDECLARED_SELECTOR = YES;
				GCC_WARN_UNINITIALIZED_AUTOS = YES_AGGRESSIVE;
				GCC_WARN_UNUSED_FUNCTION = YES;
				GCC_WARN_UNUSED_VARIABLE = YES;
				LOCALIZATION_PREFERS_STRING_CATALOGS = YES;
				MACOSX_DEPLOYMENT_TARGET = 14.2;
				MTL_ENABLE_DEBUG_INFO = NO;
				MTL_FAST_MATH = YES;
				SDKROOT = macosx;
				SWIFT_COMPILATION_MODE = wholemodule;
			};
			name = Release;
		};
		C0EB2E822B61ABA200B648E4 /* Debug */ = {
			isa = XCBuildConfiguration;
			buildSettings = {
				ASSETCATALOG_COMPILER_APPICON_NAME = AppIcon;
				ASSETCATALOG_COMPILER_GLOBAL_ACCENT_COLOR_NAME = AccentColor;
				CODE_SIGN_ENTITLEMENTS = "Images-LectureDevelopment/Images_LectureDevelopment.entitlements";
				CODE_SIGN_STYLE = Automatic;
				COMBINE_HIDPI_IMAGES = YES;
				CURRENT_PROJECT_VERSION = 1;
				DEAD_CODE_STRIPPING = YES;
				DEVELOPMENT_ASSET_PATHS = "\"Images-LectureDevelopment/Preview Content\"";
				DEVELOPMENT_TEAM = Z553N3QGMH;
				ENABLE_HARDENED_RUNTIME = NO;
				ENABLE_PREVIEWS = YES;
				GENERATE_INFOPLIST_FILE = YES;
				INFOPLIST_KEY_CFBundleDisplayName = "Images-LectureDevelopment";
				INFOPLIST_KEY_NSHumanReadableCopyright = "";
				LD_RUNPATH_SEARCH_PATHS = (
					"$(inherited)",
					"@executable_path/../Frameworks",
				);
				MACOSX_DEPLOYMENT_TARGET = 14.0;
				MARKETING_VERSION = 1.0;
				PRODUCT_BUNDLE_IDENTIFIER = "edu.HRG.Images-LectureDevelopment";
				PRODUCT_NAME = "$(TARGET_NAME)";
				SWIFT_EMIT_LOC_STRINGS = YES;
				SWIFT_VERSION = 5.0;
			};
			name = Debug;
		};
		C0EB2E832B61ABA200B648E4 /* Release */ = {
			isa = XCBuildConfiguration;
			buildSettings = {
				ASSETCATALOG_COMPILER_APPICON_NAME = AppIcon;
				ASSETCATALOG_COMPILER_GLOBAL_ACCENT_COLOR_NAME = AccentColor;
				CODE_SIGN_ENTITLEMENTS = "Images-LectureDevelopment/Images_LectureDevelopment.entitlements";
				CODE_SIGN_STYLE = Automatic;
				COMBINE_HIDPI_IMAGES = YES;
				CURRENT_PROJECT_VERSION = 1;
				DEAD_CODE_STRIPPING = YES;
				DEVELOPMENT_ASSET_PATHS = "\"Images-LectureDevelopment/Preview Content\"";
				DEVELOPMENT_TEAM = Z553N3QGMH;
				ENABLE_HARDENED_RUNTIME = NO;
				ENABLE_PREVIEWS = YES;
				GENERATE_INFOPLIST_FILE = YES;
				INFOPLIST_KEY_CFBundleDisplayName = "Images-LectureDevelopment";
				INFOPLIST_KEY_NSHumanReadableCopyright = "";
				LD_RUNPATH_SEARCH_PATHS = (
					"$(inherited)",
					"@executable_path/../Frameworks",
				);
				MACOSX_DEPLOYMENT_TARGET = 14.0;
				MARKETING_VERSION = 1.0;
				PRODUCT_BUNDLE_IDENTIFIER = "edu.HRG.Images-LectureDevelopment";
				PRODUCT_NAME = "$(TARGET_NAME)";
				SWIFT_EMIT_LOC_STRINGS = YES;
				SWIFT_VERSION = 5.0;
			};
			name = Release;
		};
/* End XCBuildConfiguration section */

/* Begin XCConfigurationList section */
		C0EB2E6B2B61ABA100B648E4 /* Build configuration list for PBXProject "Images-LectureDevelopment" */ = {
			isa = XCConfigurationList;
			buildConfigurations = (
				C0EB2E7F2B61ABA200B648E4 /* Debug */,
				C0EB2E802B61ABA200B648E4 /* Release */,
			);
			defaultConfigurationIsVisible = 0;
			defaultConfigurationName = Release;
		};
		C0EB2E812B61ABA200B648E4 /* Build configuration list for PBXNativeTarget "Images-LectureDevelopment" */ = {
			isa = XCConfigurationList;
			buildConfigurations = (
				C0EB2E822B61ABA200B648E4 /* Debug */,
				C0EB2E832B61ABA200B648E4 /* Release */,
			);
			defaultConfigurationIsVisible = 0;
			defaultConfigurationName = Release;
		};
/* End XCConfigurationList section */

/* Begin XCRemoteSwiftPackageReference section */
		C0E100482BA7738F00189A63 /* XCRemoteSwiftPackageReference "swift-collections" */ = {
			isa = XCRemoteSwiftPackageReference;
			repositoryURL = "https://github.com/apple/swift-collections.git";
			requirement = {
				kind = upToNextMajorVersion;
				minimumVersion = 1.1.0;
			};
		};
/* End XCRemoteSwiftPackageReference section */

/* Begin XCSwiftPackageProductDependency section */
		C0E100492BA7738F00189A63 /* Collections */ = {
			isa = XCSwiftPackageProductDependency;
			package = C0E100482BA7738F00189A63 /* XCRemoteSwiftPackageReference "swift-collections" */;
			productName = Collections;
		};
/* End XCSwiftPackageProductDependency section */
	};
	rootObject = C0EB2E682B61ABA100B648E4 /* Project object */;
}
